
Microsoft Visual Studio Solution File, Format Version 12.00
# Visual Studio Version 16
VisualStudioVersion = 16.0.29102.190
MinimumVisualStudioVersion = 10.0.40219.1
Project("{9A19103F-16F7-4668-BE54-9A1E7A4F7556}") = "Api", "src\Api\Api\Api.csproj", "{F2753ADF-2929-44DF-BC47-3DCCA44D0C22}"
EndProject
Project("{2150E333-8FDC-42A3-9474-1A3956D46DE8}") = "Api", "Api", "{381D4E78-8B1C-4B79-B7A0-082D3180BC48}"
EndProject
Project("{2150E333-8FDC-42A3-9474-1A3956D46DE8}") = "Application", "Application", "{C5AF61F3-ECDF-4E6E-BB2D-CE625E15AB02}"
EndProject
Project("{2150E333-8FDC-42A3-9474-1A3956D46DE8}") = "Domain", "Domain", "{E89E87C4-A8F1-467B-B37A-D55280BCF25F}"
EndProject
Project("{2150E333-8FDC-42A3-9474-1A3956D46DE8}") = "Infrastructure", "Infrastructure", "{A26FA45C-93DB-4937-A6D3-B8CF6C219712}"
EndProject
Project("{2150E333-8FDC-42A3-9474-1A3956D46DE8}") = "src", "src", "{2666FF69-3F86-46FC-AD97-11057E2157CB}"
EndProject
Project("{2150E333-8FDC-42A3-9474-1A3956D46DE8}") = "test", "test", "{85EAB6DE-B71E-4530-91BA-64E4A4F9A825}"
EndProject
Project("{FAE04EC0-301F-11D3-BF4B-00C04F79EFBC}") = "Application.Ordering", "src\Application\Application.Ordering\Application.Ordering.csproj", "{958C98C1-BFA9-4029-8058-C7B35B81CCC1}"
EndProject
Project("{FAE04EC0-301F-11D3-BF4B-00C04F79EFBC}") = "Domain.Ordering", "src\Domain\Domain.Ordering\Domain.Ordering.csproj", "{044E4A66-BC0F-4F52-8002-839BA73D659C}"
EndProject
Project("{FAE04EC0-301F-11D3-BF4B-00C04F79EFBC}") = "Domain.Delivery", "src\Domain\Domain.Delivery\Domain.Delivery.csproj", "{D84F40E8-4EA3-4131-B2F0-CE94E7F54418}"
EndProject
Project("{FAE04EC0-301F-11D3-BF4B-00C04F79EFBC}") = "Application.Delivery", "src\Application\Application.Delivery\Application.Delivery.csproj", "{917E7CD1-F828-4729-B043-9249D3B6F6A5}"
EndProject
Project("{FAE04EC0-301F-11D3-BF4B-00C04F79EFBC}") = "Infrastructure.Ordering", "src\Infrastructure\Infrastructure.Ordering\Infrastructure.Ordering.csproj", "{72B34A58-808F-47AA-B4FB-650333F0149E}"
EndProject
Project("{FAE04EC0-301F-11D3-BF4B-00C04F79EFBC}") = "Infrastructure.Delivery", "src\Infrastructure\Infrastructure.Delivery\Infrastructure.Delivery.csproj", "{F4AAED5B-ED46-4572-A063-D0F15DFF8871}"
EndProject
Project("{FAE04EC0-301F-11D3-BF4B-00C04F79EFBC}") = "Domain.SharedKernel", "src\Domain\Domain.SharedKernel\Domain.SharedKernel.csproj", "{EAEB8A61-E301-46CB-B301-03A605884C50}"
EndProject
Project("{FAE04EC0-301F-11D3-BF4B-00C04F79EFBC}") = "Infrastructure.Shared", "src\Infrastructure\Infrastructure.Shared\Infrastructure.Shared.csproj", "{3A7B0288-00AE-4F9E-891E-7AE91CCABD4F}"
EndProject
Project("{FAE04EC0-301F-11D3-BF4B-00C04F79EFBC}") = "Application.Shared", "src\Application\Application.Shared\Application.Shared.csproj", "{7993F249-1C02-48AD-AB16-E6CDD0D7FB82}"
EndProject
Project("{FAE04EC0-301F-11D3-BF4B-00C04F79EFBC}") = "Tests.Unit", "test\Tests.Unit\Tests.Unit.csproj", "{AE93BA9C-6B14-445B-9876-16B736926603}"
EndProject
Project("{FAE04EC0-301F-11D3-BF4B-00C04F79EFBC}") = "Tests.Integration", "test\Tests.Integration\Tests.Integration.csproj", "{B30230DF-0FCA-4A24-B26C-53F5310EF36C}"
EndProject
Global
	GlobalSection(SolutionConfigurationPlatforms) = preSolution
		Debug|Any CPU = Debug|Any CPU
		Release|Any CPU = Release|Any CPU
	EndGlobalSection
	GlobalSection(ProjectConfigurationPlatforms) = postSolution
		{F2753ADF-2929-44DF-BC47-3DCCA44D0C22}.Debug|Any CPU.ActiveCfg = Debug|Any CPU
		{F2753ADF-2929-44DF-BC47-3DCCA44D0C22}.Debug|Any CPU.Build.0 = Debug|Any CPU
		{F2753ADF-2929-44DF-BC47-3DCCA44D0C22}.Release|Any CPU.ActiveCfg = Release|Any CPU
		{F2753ADF-2929-44DF-BC47-3DCCA44D0C22}.Release|Any CPU.Build.0 = Release|Any CPU
		{958C98C1-BFA9-4029-8058-C7B35B81CCC1}.Debug|Any CPU.ActiveCfg = Debug|Any CPU
		{958C98C1-BFA9-4029-8058-C7B35B81CCC1}.Debug|Any CPU.Build.0 = Debug|Any CPU
		{958C98C1-BFA9-4029-8058-C7B35B81CCC1}.Release|Any CPU.ActiveCfg = Release|Any CPU
		{958C98C1-BFA9-4029-8058-C7B35B81CCC1}.Release|Any CPU.Build.0 = Release|Any CPU
		{044E4A66-BC0F-4F52-8002-839BA73D659C}.Debug|Any CPU.ActiveCfg = Debug|Any CPU
		{044E4A66-BC0F-4F52-8002-839BA73D659C}.Debug|Any CPU.Build.0 = Debug|Any CPU
		{044E4A66-BC0F-4F52-8002-839BA73D659C}.Release|Any CPU.ActiveCfg = Release|Any CPU
		{044E4A66-BC0F-4F52-8002-839BA73D659C}.Release|Any CPU.Build.0 = Release|Any CPU
		{D84F40E8-4EA3-4131-B2F0-CE94E7F54418}.Debug|Any CPU.ActiveCfg = Debug|Any CPU
		{D84F40E8-4EA3-4131-B2F0-CE94E7F54418}.Debug|Any CPU.Build.0 = Debug|Any CPU
		{D84F40E8-4EA3-4131-B2F0-CE94E7F54418}.Release|Any CPU.ActiveCfg = Release|Any CPU
		{D84F40E8-4EA3-4131-B2F0-CE94E7F54418}.Release|Any CPU.Build.0 = Release|Any CPU
		{917E7CD1-F828-4729-B043-9249D3B6F6A5}.Debug|Any CPU.ActiveCfg = Debug|Any CPU
		{917E7CD1-F828-4729-B043-9249D3B6F6A5}.Debug|Any CPU.Build.0 = Debug|Any CPU
		{917E7CD1-F828-4729-B043-9249D3B6F6A5}.Release|Any CPU.ActiveCfg = Release|Any CPU
		{917E7CD1-F828-4729-B043-9249D3B6F6A5}.Release|Any CPU.Build.0 = Release|Any CPU
		{72B34A58-808F-47AA-B4FB-650333F0149E}.Debug|Any CPU.ActiveCfg = Debug|Any CPU
		{72B34A58-808F-47AA-B4FB-650333F0149E}.Debug|Any CPU.Build.0 = Debug|Any CPU
		{72B34A58-808F-47AA-B4FB-650333F0149E}.Release|Any CPU.ActiveCfg = Release|Any CPU
		{72B34A58-808F-47AA-B4FB-650333F0149E}.Release|Any CPU.Build.0 = Release|Any CPU
		{F4AAED5B-ED46-4572-A063-D0F15DFF8871}.Debug|Any CPU.ActiveCfg = Debug|Any CPU
		{F4AAED5B-ED46-4572-A063-D0F15DFF8871}.Debug|Any CPU.Build.0 = Debug|Any CPU
		{F4AAED5B-ED46-4572-A063-D0F15DFF8871}.Release|Any CPU.ActiveCfg = Release|Any CPU
		{F4AAED5B-ED46-4572-A063-D0F15DFF8871}.Release|Any CPU.Build.0 = Release|Any CPU
		{EAEB8A61-E301-46CB-B301-03A605884C50}.Debug|Any CPU.ActiveCfg = Debug|Any CPU
		{EAEB8A61-E301-46CB-B301-03A605884C50}.Debug|Any CPU.Build.0 = Debug|Any CPU
		{EAEB8A61-E301-46CB-B301-03A605884C50}.Release|Any CPU.ActiveCfg = Release|Any CPU
		{EAEB8A61-E301-46CB-B301-03A605884C50}.Release|Any CPU.Build.0 = Release|Any CPU
		{3A7B0288-00AE-4F9E-891E-7AE91CCABD4F}.Debug|Any CPU.ActiveCfg = Debug|Any CPU
		{3A7B0288-00AE-4F9E-891E-7AE91CCABD4F}.Debug|Any CPU.Build.0 = Debug|Any CPU
		{3A7B0288-00AE-4F9E-891E-7AE91CCABD4F}.Release|Any CPU.ActiveCfg = Release|Any CPU
		{3A7B0288-00AE-4F9E-891E-7AE91CCABD4F}.Release|Any CPU.Build.0 = Release|Any CPU
		{7993F249-1C02-48AD-AB16-E6CDD0D7FB82}.Debug|Any CPU.ActiveCfg = Debug|Any CPU
		{7993F249-1C02-48AD-AB16-E6CDD0D7FB82}.Debug|Any CPU.Build.0 = Debug|Any CPU
		{7993F249-1C02-48AD-AB16-E6CDD0D7FB82}.Release|Any CPU.ActiveCfg = Release|Any CPU
		{7993F249-1C02-48AD-AB16-E6CDD0D7FB82}.Release|Any CPU.Build.0 = Release|Any CPU
		{AE93BA9C-6B14-445B-9876-16B736926603}.Debug|Any CPU.ActiveCfg = Debug|Any CPU
		{AE93BA9C-6B14-445B-9876-16B736926603}.Debug|Any CPU.Build.0 = Debug|Any CPU
		{AE93BA9C-6B14-445B-9876-16B736926603}.Release|Any CPU.ActiveCfg = Release|Any CPU
		{AE93BA9C-6B14-445B-9876-16B736926603}.Release|Any CPU.Build.0 = Release|Any CPU
		{B30230DF-0FCA-4A24-B26C-53F5310EF36C}.Debug|Any CPU.ActiveCfg = Debug|Any CPU
		{B30230DF-0FCA-4A24-B26C-53F5310EF36C}.Debug|Any CPU.Build.0 = Debug|Any CPU
		{B30230DF-0FCA-4A24-B26C-53F5310EF36C}.Release|Any CPU.ActiveCfg = Release|Any CPU
		{B30230DF-0FCA-4A24-B26C-53F5310EF36C}.Release|Any CPU.Build.0 = Release|Any CPU
	EndGlobalSection
	GlobalSection(SolutionProperties) = preSolution
		HideSolutionNode = FALSE
	EndGlobalSection
	GlobalSection(NestedProjects) = preSolution
		{F2753ADF-2929-44DF-BC47-3DCCA44D0C22} = {381D4E78-8B1C-4B79-B7A0-082D3180BC48}
		{381D4E78-8B1C-4B79-B7A0-082D3180BC48} = {2666FF69-3F86-46FC-AD97-11057E2157CB}
		{C5AF61F3-ECDF-4E6E-BB2D-CE625E15AB02} = {2666FF69-3F86-46FC-AD97-11057E2157CB}
		{E89E87C4-A8F1-467B-B37A-D55280BCF25F} = {2666FF69-3F86-46FC-AD97-11057E2157CB}
		{A26FA45C-93DB-4937-A6D3-B8CF6C219712} = {2666FF69-3F86-46FC-AD97-11057E2157CB}
		{958C98C1-BFA9-4029-8058-C7B35B81CCC1} = {C5AF61F3-ECDF-4E6E-BB2D-CE625E15AB02}
		{044E4A66-BC0F-4F52-8002-839BA73D659C} = {E89E87C4-A8F1-467B-B37A-D55280BCF25F}
		{D84F40E8-4EA3-4131-B2F0-CE94E7F54418} = {E89E87C4-A8F1-467B-B37A-D55280BCF25F}
		{917E7CD1-F828-4729-B043-9249D3B6F6A5} = {C5AF61F3-ECDF-4E6E-BB2D-CE625E15AB02}
		{72B34A58-808F-47AA-B4FB-650333F0149E} = {A26FA45C-93DB-4937-A6D3-B8CF6C219712}
		{F4AAED5B-ED46-4572-A063-D0F15DFF8871} = {A26FA45C-93DB-4937-A6D3-B8CF6C219712}
		{EAEB8A61-E301-46CB-B301-03A605884C50} = {E89E87C4-A8F1-467B-B37A-D55280BCF25F}
		{3A7B0288-00AE-4F9E-891E-7AE91CCABD4F} = {A26FA45C-93DB-4937-A6D3-B8CF6C219712}
		{7993F249-1C02-48AD-AB16-E6CDD0D7FB82} = {C5AF61F3-ECDF-4E6E-BB2D-CE625E15AB02}
		{AE93BA9C-6B14-445B-9876-16B736926603} = {85EAB6DE-B71E-4530-91BA-64E4A4F9A825}
		{B30230DF-0FCA-4A24-B26C-53F5310EF36C} = {85EAB6DE-B71E-4530-91BA-64E4A4F9A825}
	EndGlobalSection
	GlobalSection(ExtensibilityGlobals) = postSolution
		SolutionGuid = {ABAE9783-4F9A-4E95-BEC1-D574916E89F4}
	EndGlobalSection
EndGlobal
