
Microsoft Visual Studio Solution File, Format Version 12.00
# Visual Studio Version 16
VisualStudioVersion = 16.0.29102.190
MinimumVisualStudioVersion = 10.0.40219.1
Project("{9A19103F-16F7-4668-BE54-9A1E7A4F7556}") = "API", "src\Api\Api\API.csproj", "{F2753ADF-2929-44DF-BC47-3DCCA44D0C22}"
EndProject
Project("{2150E333-8FDC-42A3-9474-1A3956D46DE8}") = "API", "API", "{381D4E78-8B1C-4B79-B7A0-082D3180BC48}"
EndProject
Project("{2150E333-8FDC-42A3-9474-1A3956D46DE8}") = "src", "src", "{2666FF69-3F86-46FC-AD97-11057E2157CB}"
EndProject
Project("{2150E333-8FDC-42A3-9474-1A3956D46DE8}") = "test", "test", "{85EAB6DE-B71E-4530-91BA-64E4A4F9A825}"
EndProject
Project("{9A19103F-16F7-4668-BE54-9A1E7A4F7556}") = "Tests.Unit", "test\Tests.Unit\Tests.Unit.csproj", "{AE93BA9C-6B14-445B-9876-16B736926603}"
EndProject
Project("{9A19103F-16F7-4668-BE54-9A1E7A4F7556}") = "Tests.Integration", "test\Tests.Integration\Tests.Integration.csproj", "{B30230DF-0FCA-4A24-B26C-53F5310EF36C}"
EndProject
Project("{2150E333-8FDC-42A3-9474-1A3956D46DE8}") = "Contexts", "Contexts", "{413C5FA7-CA3E-43E3-9BF0-75A64890494E}"
EndProject
Project("{2150E333-8FDC-42A3-9474-1A3956D46DE8}") = "Basket", "Basket", "{B9D28D06-9114-45C1-9011-582D901DFF26}"
EndProject
Project("{2150E333-8FDC-42A3-9474-1A3956D46DE8}") = "Ordering", "Ordering", "{653C2233-6D53-450F-B40A-4A924C942CE4}"
EndProject
Project("{2150E333-8FDC-42A3-9474-1A3956D46DE8}") = "Menu", "Menu", "{D4E9D669-8C23-4D0B-8EEB-1FF09292BBB5}"
EndProject
Project("{2150E333-8FDC-42A3-9474-1A3956D46DE8}") = "Delivery", "Delivery", "{B84BB08F-09F4-489D-8BB2-3D3A0F37044F}"
EndProject
Project("{9A19103F-16F7-4668-BE54-9A1E7A4F7556}") = "Basket.Application", "src\Contexts\Basket\Basket.Application\Basket.Application.csproj", "{AF5615CB-1FBD-4625-A00C-06567363D4CA}"
EndProject
Project("{9A19103F-16F7-4668-BE54-9A1E7A4F7556}") = "Basket.Domain", "src\Contexts\Basket\Basket.Domain\Basket.Domain.csproj", "{B7FD54BF-C301-443C-8BD8-28E66D86216C}"
EndProject
Project("{9A19103F-16F7-4668-BE54-9A1E7A4F7556}") = "Basket.Infrastructure", "src\Contexts\Basket\Basket.Infrastructure\Basket.Infrastructure.csproj", "{49051FB8-A828-4424-9C6E-F3B95CC3508C}"
EndProject
Project("{9A19103F-16F7-4668-BE54-9A1E7A4F7556}") = "Delivery.Domain", "src\Contexts\Delivery\Delivery.Domain\Delivery.Domain.csproj", "{1F409A5B-2184-426B-8BFB-22AE5295389A}"
EndProject
Project("{9A19103F-16F7-4668-BE54-9A1E7A4F7556}") = "Delivery.Application", "src\Contexts\Delivery\Delivery.Application\Delivery.Application.csproj", "{52868464-2978-47FC-A1F7-535AA553BE22}"
EndProject
Project("{9A19103F-16F7-4668-BE54-9A1E7A4F7556}") = "Delivery.Infrastructure", "src\Contexts\Delivery\Delivery.Infrastructure\Delivery.Infrastructure.csproj", "{3F6F96E0-9486-4804-A9A9-0E2A92C51E2C}"
EndProject
Project("{9A19103F-16F7-4668-BE54-9A1E7A4F7556}") = "Menu.Domain", "src\Contexts\Menu\Menu.Domain\Menu.Domain.csproj", "{BF87CF0F-5D60-4E16-B529-191606ED14E7}"
EndProject
Project("{9A19103F-16F7-4668-BE54-9A1E7A4F7556}") = "Menu.Application", "src\Contexts\Menu\Menu.Application\Menu.Application.csproj", "{53E00FC2-671A-4388-B03B-FBC892A4B094}"
EndProject
Project("{9A19103F-16F7-4668-BE54-9A1E7A4F7556}") = "Menu.Infrastructure", "src\Contexts\Menu\Menu.Infrastructure\Menu.Infrastructure.csproj", "{9494B7DB-F847-42C8-ABC6-F0744FA5F34C}"
EndProject
Project("{9A19103F-16F7-4668-BE54-9A1E7A4F7556}") = "Ordering.Domain", "src\Contexts\Ordering\Ordering.Domain\Ordering.Domain.csproj", "{E6A36148-2FD7-4650-BF2E-D53F9AF064C9}"
EndProject
Project("{9A19103F-16F7-4668-BE54-9A1E7A4F7556}") = "Ordering.Application", "src\Contexts\Ordering\Ordering.Application\Ordering.Application.csproj", "{1037DE2C-BE6D-451F-A740-F8208F1EAA39}"
EndProject
Project("{9A19103F-16F7-4668-BE54-9A1E7A4F7556}") = "Ordering.Infrastructure", "src\Contexts\Ordering\Ordering.Infrastructure\Ordering.Infrastructure.csproj", "{A89E46A2-5431-4263-9B09-946EB6010E8F}"
EndProject
Project("{2150E333-8FDC-42A3-9474-1A3956D46DE8}") = "Shared", "Shared", "{E3ADB21F-BD65-4427-8A19-4D91441AB7E3}"
EndProject
Project("{9A19103F-16F7-4668-BE54-9A1E7A4F7556}") = "Shared.Domain", "src\Shared\Shared.Domain\Shared.Domain.csproj", "{BE465E0A-1172-421C-8E5E-59EBC52A9E79}"
EndProject
Project("{9A19103F-16F7-4668-BE54-9A1E7A4F7556}") = "Shared.Application", "src\Shared\Shared.Application\Shared.Application.csproj", "{07FDDF90-1D55-4615-A3FA-267DD48DD5F3}"
EndProject
Project("{FAE04EC0-301F-11D3-BF4B-00C04F79EFBC}") = "Shared.Infrastructure", "src\Shared\Shared.Infrastructure\Shared.Infrastructure.csproj", "{489ADB27-32CF-4563-91CB-0174A82A7E4D}"
EndProject
Project("{FAE04EC0-301F-11D3-BF4B-00C04F79EFBC}") = "Shared.IntegrationEvents", "src\Shared\Shared.IntegrationEvents\Shared.IntegrationEvents.csproj", "{850DD64B-F0C5-40ED-8A4D-7BE5F823A626}"
EndProject
Global
	GlobalSection(SolutionConfigurationPlatforms) = preSolution
		Debug|Any CPU = Debug|Any CPU
		Release|Any CPU = Release|Any CPU
	EndGlobalSection
	GlobalSection(ProjectConfigurationPlatforms) = postSolution
		{F2753ADF-2929-44DF-BC47-3DCCA44D0C22}.Debug|Any CPU.ActiveCfg = Debug|Any CPU
		{F2753ADF-2929-44DF-BC47-3DCCA44D0C22}.Debug|Any CPU.Build.0 = Debug|Any CPU
		{F2753ADF-2929-44DF-BC47-3DCCA44D0C22}.Release|Any CPU.ActiveCfg = Release|Any CPU
		{F2753ADF-2929-44DF-BC47-3DCCA44D0C22}.Release|Any CPU.Build.0 = Release|Any CPU
		{AE93BA9C-6B14-445B-9876-16B736926603}.Debug|Any CPU.ActiveCfg = Debug|Any CPU
		{AE93BA9C-6B14-445B-9876-16B736926603}.Debug|Any CPU.Build.0 = Debug|Any CPU
		{AE93BA9C-6B14-445B-9876-16B736926603}.Release|Any CPU.ActiveCfg = Release|Any CPU
		{AE93BA9C-6B14-445B-9876-16B736926603}.Release|Any CPU.Build.0 = Release|Any CPU
		{B30230DF-0FCA-4A24-B26C-53F5310EF36C}.Debug|Any CPU.ActiveCfg = Debug|Any CPU
		{B30230DF-0FCA-4A24-B26C-53F5310EF36C}.Debug|Any CPU.Build.0 = Debug|Any CPU
		{B30230DF-0FCA-4A24-B26C-53F5310EF36C}.Release|Any CPU.ActiveCfg = Release|Any CPU
		{B30230DF-0FCA-4A24-B26C-53F5310EF36C}.Release|Any CPU.Build.0 = Release|Any CPU
		{AF5615CB-1FBD-4625-A00C-06567363D4CA}.Debug|Any CPU.ActiveCfg = Debug|Any CPU
		{AF5615CB-1FBD-4625-A00C-06567363D4CA}.Debug|Any CPU.Build.0 = Debug|Any CPU
		{AF5615CB-1FBD-4625-A00C-06567363D4CA}.Release|Any CPU.ActiveCfg = Release|Any CPU
		{AF5615CB-1FBD-4625-A00C-06567363D4CA}.Release|Any CPU.Build.0 = Release|Any CPU
		{B7FD54BF-C301-443C-8BD8-28E66D86216C}.Debug|Any CPU.ActiveCfg = Debug|Any CPU
		{B7FD54BF-C301-443C-8BD8-28E66D86216C}.Debug|Any CPU.Build.0 = Debug|Any CPU
		{B7FD54BF-C301-443C-8BD8-28E66D86216C}.Release|Any CPU.ActiveCfg = Release|Any CPU
		{B7FD54BF-C301-443C-8BD8-28E66D86216C}.Release|Any CPU.Build.0 = Release|Any CPU
		{49051FB8-A828-4424-9C6E-F3B95CC3508C}.Debug|Any CPU.ActiveCfg = Debug|Any CPU
		{49051FB8-A828-4424-9C6E-F3B95CC3508C}.Debug|Any CPU.Build.0 = Debug|Any CPU
		{49051FB8-A828-4424-9C6E-F3B95CC3508C}.Release|Any CPU.ActiveCfg = Release|Any CPU
		{49051FB8-A828-4424-9C6E-F3B95CC3508C}.Release|Any CPU.Build.0 = Release|Any CPU
		{1F409A5B-2184-426B-8BFB-22AE5295389A}.Debug|Any CPU.ActiveCfg = Debug|Any CPU
		{1F409A5B-2184-426B-8BFB-22AE5295389A}.Debug|Any CPU.Build.0 = Debug|Any CPU
		{1F409A5B-2184-426B-8BFB-22AE5295389A}.Release|Any CPU.ActiveCfg = Release|Any CPU
		{1F409A5B-2184-426B-8BFB-22AE5295389A}.Release|Any CPU.Build.0 = Release|Any CPU
		{52868464-2978-47FC-A1F7-535AA553BE22}.Debug|Any CPU.ActiveCfg = Debug|Any CPU
		{52868464-2978-47FC-A1F7-535AA553BE22}.Debug|Any CPU.Build.0 = Debug|Any CPU
		{52868464-2978-47FC-A1F7-535AA553BE22}.Release|Any CPU.ActiveCfg = Release|Any CPU
		{52868464-2978-47FC-A1F7-535AA553BE22}.Release|Any CPU.Build.0 = Release|Any CPU
		{3F6F96E0-9486-4804-A9A9-0E2A92C51E2C}.Debug|Any CPU.ActiveCfg = Debug|Any CPU
		{3F6F96E0-9486-4804-A9A9-0E2A92C51E2C}.Debug|Any CPU.Build.0 = Debug|Any CPU
		{3F6F96E0-9486-4804-A9A9-0E2A92C51E2C}.Release|Any CPU.ActiveCfg = Release|Any CPU
		{3F6F96E0-9486-4804-A9A9-0E2A92C51E2C}.Release|Any CPU.Build.0 = Release|Any CPU
		{BF87CF0F-5D60-4E16-B529-191606ED14E7}.Debug|Any CPU.ActiveCfg = Debug|Any CPU
		{BF87CF0F-5D60-4E16-B529-191606ED14E7}.Debug|Any CPU.Build.0 = Debug|Any CPU
		{BF87CF0F-5D60-4E16-B529-191606ED14E7}.Release|Any CPU.ActiveCfg = Release|Any CPU
		{BF87CF0F-5D60-4E16-B529-191606ED14E7}.Release|Any CPU.Build.0 = Release|Any CPU
		{53E00FC2-671A-4388-B03B-FBC892A4B094}.Debug|Any CPU.ActiveCfg = Debug|Any CPU
		{53E00FC2-671A-4388-B03B-FBC892A4B094}.Debug|Any CPU.Build.0 = Debug|Any CPU
		{53E00FC2-671A-4388-B03B-FBC892A4B094}.Release|Any CPU.ActiveCfg = Release|Any CPU
		{53E00FC2-671A-4388-B03B-FBC892A4B094}.Release|Any CPU.Build.0 = Release|Any CPU
		{9494B7DB-F847-42C8-ABC6-F0744FA5F34C}.Debug|Any CPU.ActiveCfg = Debug|Any CPU
		{9494B7DB-F847-42C8-ABC6-F0744FA5F34C}.Debug|Any CPU.Build.0 = Debug|Any CPU
		{9494B7DB-F847-42C8-ABC6-F0744FA5F34C}.Release|Any CPU.ActiveCfg = Release|Any CPU
		{9494B7DB-F847-42C8-ABC6-F0744FA5F34C}.Release|Any CPU.Build.0 = Release|Any CPU
		{E6A36148-2FD7-4650-BF2E-D53F9AF064C9}.Debug|Any CPU.ActiveCfg = Debug|Any CPU
		{E6A36148-2FD7-4650-BF2E-D53F9AF064C9}.Debug|Any CPU.Build.0 = Debug|Any CPU
		{E6A36148-2FD7-4650-BF2E-D53F9AF064C9}.Release|Any CPU.ActiveCfg = Release|Any CPU
		{E6A36148-2FD7-4650-BF2E-D53F9AF064C9}.Release|Any CPU.Build.0 = Release|Any CPU
		{1037DE2C-BE6D-451F-A740-F8208F1EAA39}.Debug|Any CPU.ActiveCfg = Debug|Any CPU
		{1037DE2C-BE6D-451F-A740-F8208F1EAA39}.Debug|Any CPU.Build.0 = Debug|Any CPU
		{1037DE2C-BE6D-451F-A740-F8208F1EAA39}.Release|Any CPU.ActiveCfg = Release|Any CPU
		{1037DE2C-BE6D-451F-A740-F8208F1EAA39}.Release|Any CPU.Build.0 = Release|Any CPU
		{A89E46A2-5431-4263-9B09-946EB6010E8F}.Debug|Any CPU.ActiveCfg = Debug|Any CPU
		{A89E46A2-5431-4263-9B09-946EB6010E8F}.Debug|Any CPU.Build.0 = Debug|Any CPU
		{A89E46A2-5431-4263-9B09-946EB6010E8F}.Release|Any CPU.ActiveCfg = Release|Any CPU
		{A89E46A2-5431-4263-9B09-946EB6010E8F}.Release|Any CPU.Build.0 = Release|Any CPU
		{BE465E0A-1172-421C-8E5E-59EBC52A9E79}.Debug|Any CPU.ActiveCfg = Debug|Any CPU
		{BE465E0A-1172-421C-8E5E-59EBC52A9E79}.Debug|Any CPU.Build.0 = Debug|Any CPU
		{BE465E0A-1172-421C-8E5E-59EBC52A9E79}.Release|Any CPU.ActiveCfg = Release|Any CPU
		{BE465E0A-1172-421C-8E5E-59EBC52A9E79}.Release|Any CPU.Build.0 = Release|Any CPU
		{07FDDF90-1D55-4615-A3FA-267DD48DD5F3}.Debug|Any CPU.ActiveCfg = Debug|Any CPU
		{07FDDF90-1D55-4615-A3FA-267DD48DD5F3}.Debug|Any CPU.Build.0 = Debug|Any CPU
		{07FDDF90-1D55-4615-A3FA-267DD48DD5F3}.Release|Any CPU.ActiveCfg = Release|Any CPU
		{07FDDF90-1D55-4615-A3FA-267DD48DD5F3}.Release|Any CPU.Build.0 = Release|Any CPU
		{489ADB27-32CF-4563-91CB-0174A82A7E4D}.Debug|Any CPU.ActiveCfg = Debug|Any CPU
		{489ADB27-32CF-4563-91CB-0174A82A7E4D}.Debug|Any CPU.Build.0 = Debug|Any CPU
		{489ADB27-32CF-4563-91CB-0174A82A7E4D}.Release|Any CPU.ActiveCfg = Release|Any CPU
		{489ADB27-32CF-4563-91CB-0174A82A7E4D}.Release|Any CPU.Build.0 = Release|Any CPU
		{850DD64B-F0C5-40ED-8A4D-7BE5F823A626}.Debug|Any CPU.ActiveCfg = Debug|Any CPU
		{850DD64B-F0C5-40ED-8A4D-7BE5F823A626}.Debug|Any CPU.Build.0 = Debug|Any CPU
		{850DD64B-F0C5-40ED-8A4D-7BE5F823A626}.Release|Any CPU.ActiveCfg = Release|Any CPU
		{850DD64B-F0C5-40ED-8A4D-7BE5F823A626}.Release|Any CPU.Build.0 = Release|Any CPU
	EndGlobalSection
	GlobalSection(SolutionProperties) = preSolution
		HideSolutionNode = FALSE
	EndGlobalSection
	GlobalSection(NestedProjects) = preSolution
		{F2753ADF-2929-44DF-BC47-3DCCA44D0C22} = {381D4E78-8B1C-4B79-B7A0-082D3180BC48}
		{381D4E78-8B1C-4B79-B7A0-082D3180BC48} = {2666FF69-3F86-46FC-AD97-11057E2157CB}
		{AE93BA9C-6B14-445B-9876-16B736926603} = {85EAB6DE-B71E-4530-91BA-64E4A4F9A825}
		{B30230DF-0FCA-4A24-B26C-53F5310EF36C} = {85EAB6DE-B71E-4530-91BA-64E4A4F9A825}
		{413C5FA7-CA3E-43E3-9BF0-75A64890494E} = {2666FF69-3F86-46FC-AD97-11057E2157CB}
		{B9D28D06-9114-45C1-9011-582D901DFF26} = {413C5FA7-CA3E-43E3-9BF0-75A64890494E}
		{653C2233-6D53-450F-B40A-4A924C942CE4} = {413C5FA7-CA3E-43E3-9BF0-75A64890494E}
		{D4E9D669-8C23-4D0B-8EEB-1FF09292BBB5} = {413C5FA7-CA3E-43E3-9BF0-75A64890494E}
		{B84BB08F-09F4-489D-8BB2-3D3A0F37044F} = {413C5FA7-CA3E-43E3-9BF0-75A64890494E}
		{AF5615CB-1FBD-4625-A00C-06567363D4CA} = {B9D28D06-9114-45C1-9011-582D901DFF26}
		{B7FD54BF-C301-443C-8BD8-28E66D86216C} = {B9D28D06-9114-45C1-9011-582D901DFF26}
		{49051FB8-A828-4424-9C6E-F3B95CC3508C} = {B9D28D06-9114-45C1-9011-582D901DFF26}
		{1F409A5B-2184-426B-8BFB-22AE5295389A} = {B84BB08F-09F4-489D-8BB2-3D3A0F37044F}
		{52868464-2978-47FC-A1F7-535AA553BE22} = {B84BB08F-09F4-489D-8BB2-3D3A0F37044F}
		{3F6F96E0-9486-4804-A9A9-0E2A92C51E2C} = {B84BB08F-09F4-489D-8BB2-3D3A0F37044F}
		{BF87CF0F-5D60-4E16-B529-191606ED14E7} = {D4E9D669-8C23-4D0B-8EEB-1FF09292BBB5}
		{53E00FC2-671A-4388-B03B-FBC892A4B094} = {D4E9D669-8C23-4D0B-8EEB-1FF09292BBB5}
		{9494B7DB-F847-42C8-ABC6-F0744FA5F34C} = {D4E9D669-8C23-4D0B-8EEB-1FF09292BBB5}
		{E6A36148-2FD7-4650-BF2E-D53F9AF064C9} = {653C2233-6D53-450F-B40A-4A924C942CE4}
		{1037DE2C-BE6D-451F-A740-F8208F1EAA39} = {653C2233-6D53-450F-B40A-4A924C942CE4}
		{A89E46A2-5431-4263-9B09-946EB6010E8F} = {653C2233-6D53-450F-B40A-4A924C942CE4}
		{E3ADB21F-BD65-4427-8A19-4D91441AB7E3} = {2666FF69-3F86-46FC-AD97-11057E2157CB}
		{BE465E0A-1172-421C-8E5E-59EBC52A9E79} = {E3ADB21F-BD65-4427-8A19-4D91441AB7E3}
		{07FDDF90-1D55-4615-A3FA-267DD48DD5F3} = {E3ADB21F-BD65-4427-8A19-4D91441AB7E3}
		{489ADB27-32CF-4563-91CB-0174A82A7E4D} = {E3ADB21F-BD65-4427-8A19-4D91441AB7E3}
		{850DD64B-F0C5-40ED-8A4D-7BE5F823A626} = {E3ADB21F-BD65-4427-8A19-4D91441AB7E3}
	EndGlobalSection
	GlobalSection(ExtensibilityGlobals) = postSolution
		SolutionGuid = {ABAE9783-4F9A-4E95-BEC1-D574916E89F4}
	EndGlobalSection
EndGlobal
